
Microsoft Visual Studio Solution File, Format Version 12.00
Project("{FAE04EC0-301F-11D3-BF4B-00C04F79EFBC}") = "Firepuma.CommandsAndQueries.Abstractions", "Firepuma.CommandsAndQueries.Abstractions\Firepuma.CommandsAndQueries.Abstractions.csproj", "{B1E89F5C-E355-495A-AE91-C758E3648037}"
EndProject
Project("{2150E333-8FDC-42A3-9474-1A3956D46DE8}") = "SolutionFiles", "SolutionFiles", "{695148EC-63BB-46B4-9655-0102DF3AB77C}"
	ProjectSection(SolutionItems) = preProject
		.gitignore = .gitignore
		LICENSE = LICENSE
		README.md = README.md
	EndProjectSection
EndProject
Project("{FAE04EC0-301F-11D3-BF4B-00C04F79EFBC}") = "Firepuma.CommandsAndQueries.CosmosDb", "Firepuma.CommandsAndQueries.CosmosDb\Firepuma.CommandsAndQueries.CosmosDb.csproj", "{8813DF73-C9ED-4206-9E7B-8379FF766125}"
EndProject
Project("{2150E333-8FDC-42A3-9474-1A3956D46DE8}") = "Samples", "Samples", "{47D0B709-F2E4-4027-8855-E783EF991112}"
EndProject
Project("{FAE04EC0-301F-11D3-BF4B-00C04F79EFBC}") = "Sample.CommandsAndQueriesApi", "Samples\Sample.CommandsAndQueriesApi\Sample.CommandsAndQueriesApi.csproj", "{C2D9ED24-34D8-4F98-BDEE-23C1946E74B0}"
EndProject
Project("{2150E333-8FDC-42A3-9474-1A3956D46DE8}") = ".github", ".github", "{76B9DBCD-BAB1-47B2-BD2A-43B2EEAE3948}"
EndProject
Project("{2150E333-8FDC-42A3-9474-1A3956D46DE8}") = "workflows", "workflows", "{0136046D-CA41-444B-8B30-2D1136E4ED19}"
	ProjectSection(SolutionItems) = preProject
		.github\workflows\publish-nuget-packages.yml = .github\workflows\publish-nuget-packages.yml
	EndProjectSection
EndProject
Project("{FAE04EC0-301F-11D3-BF4B-00C04F79EFBC}") = "Firepuma.CommandsAndQueries.Tests", "Firepuma.CommandsAndQueries.Tests\Firepuma.CommandsAndQueries.Tests.csproj", "{344A29C6-484B-426E-88C7-0BA0BDADA18B}"
EndProject
Global
	GlobalSection(SolutionConfigurationPlatforms) = preSolution
		Debug|Any CPU = Debug|Any CPU
		Release|Any CPU = Release|Any CPU
	EndGlobalSection
	GlobalSection(ProjectConfigurationPlatforms) = postSolution
		{B1E89F5C-E355-495A-AE91-C758E3648037}.Debug|Any CPU.ActiveCfg = Debug|Any CPU
		{B1E89F5C-E355-495A-AE91-C758E3648037}.Debug|Any CPU.Build.0 = Debug|Any CPU
		{B1E89F5C-E355-495A-AE91-C758E3648037}.Release|Any CPU.ActiveCfg = Release|Any CPU
		{B1E89F5C-E355-495A-AE91-C758E3648037}.Release|Any CPU.Build.0 = Release|Any CPU
		{8813DF73-C9ED-4206-9E7B-8379FF766125}.Debug|Any CPU.ActiveCfg = Debug|Any CPU
		{8813DF73-C9ED-4206-9E7B-8379FF766125}.Debug|Any CPU.Build.0 = Debug|Any CPU
		{8813DF73-C9ED-4206-9E7B-8379FF766125}.Release|Any CPU.ActiveCfg = Release|Any CPU
		{8813DF73-C9ED-4206-9E7B-8379FF766125}.Release|Any CPU.Build.0 = Release|Any CPU
		{C2D9ED24-34D8-4F98-BDEE-23C1946E74B0}.Debug|Any CPU.ActiveCfg = Debug|Any CPU
		{C2D9ED24-34D8-4F98-BDEE-23C1946E74B0}.Debug|Any CPU.Build.0 = Debug|Any CPU
		{C2D9ED24-34D8-4F98-BDEE-23C1946E74B0}.Release|Any CPU.ActiveCfg = Release|Any CPU
		{C2D9ED24-34D8-4F98-BDEE-23C1946E74B0}.Release|Any CPU.Build.0 = Release|Any CPU
		{344A29C6-484B-426E-88C7-0BA0BDADA18B}.Debug|Any CPU.ActiveCfg = Debug|Any CPU
		{344A29C6-484B-426E-88C7-0BA0BDADA18B}.Debug|Any CPU.Build.0 = Debug|Any CPU
		{344A29C6-484B-426E-88C7-0BA0BDADA18B}.Release|Any CPU.ActiveCfg = Release|Any CPU
		{344A29C6-484B-426E-88C7-0BA0BDADA18B}.Release|Any CPU.Build.0 = Release|Any CPU
	EndGlobalSection
	GlobalSection(NestedProjects) = preSolution
		{C2D9ED24-34D8-4F98-BDEE-23C1946E74B0} = {47D0B709-F2E4-4027-8855-E783EF991112}
		{76B9DBCD-BAB1-47B2-BD2A-43B2EEAE3948} = {695148EC-63BB-46B4-9655-0102DF3AB77C}
		{0136046D-CA41-444B-8B30-2D1136E4ED19} = {76B9DBCD-BAB1-47B2-BD2A-43B2EEAE3948}
	EndGlobalSection
EndGlobal
